# This file is automatically @generated by Cargo.
# It is not intended for manual editing.
version = 4

[[package]]
name = "chili"
version = "0.2.1"
source = "registry+https://github.com/rust-lang/crates.io-index"
checksum = "1d001a06f3969c49af3bdf308e9aaa1a477e77d2460357ce9e1248c6a9dcc4c0"

[[package]]
name = "chili-bench"
version = "0.1.0"
dependencies = [
 "chili",
 "libc",
]

[[package]]
name = "libc"
version = "0.2.186"
source = "registry+https://github.com/rust-lang/crates.io-index"
checksum = "68ab91017fe16c622486840e4c83c9a37afeff978bd239b5293d61ece587de66"
